// !$*UTF8*$!
{
	archiveVersion = 1;
	classes = {
	};
	objectVersion = 50;
	objects = {

/* Begin PBXBuildFile section */
		289E8974C3C04089CA9C5ECD /* Pods_FireChat.framework in Frameworks */ = {isa = PBXBuildFile; fileRef = AE044F8F01AF22EEFA228932 /* Pods_FireChat.framework */; };
		CE4EBED7257CA892008295AF /* AppDelegate.swift in Sources */ = {isa = PBXBuildFile; fileRef = CE4EBED6257CA892008295AF /* AppDelegate.swift */; };
		CE4EBED9257CA892008295AF /* SceneDelegate.swift in Sources */ = {isa = PBXBuildFile; fileRef = CE4EBED8257CA892008295AF /* SceneDelegate.swift */; };
		CE4EBEDB257CA892008295AF /* ViewController.swift in Sources */ = {isa = PBXBuildFile; fileRef = CE4EBEDA257CA892008295AF /* ViewController.swift */; };
		CE4EBEDE257CA892008295AF /* Main.storyboard in Resources */ = {isa = PBXBuildFile; fileRef = CE4EBEDC257CA892008295AF /* Main.storyboard */; };
		CE4EBEE0257CA894008295AF /* Assets.xcassets in Resources */ = {isa = PBXBuildFile; fileRef = CE4EBEDF257CA894008295AF /* Assets.xcassets */; };
		CE4EBEE3257CA894008295AF /* LaunchScreen.storyboard in Resources */ = {isa = PBXBuildFile; fileRef = CE4EBEE1257CA894008295AF /* LaunchScreen.storyboard */; };
		CE4EBEF3257CA982008295AF /* ConversationsController.swift in Sources */ = {isa = PBXBuildFile; fileRef = CE4EBEF2257CA982008295AF /* ConversationsController.swift */; };
		CE4EBEF8257CE53D008295AF /* LoginController.swift in Sources */ = {isa = PBXBuildFile; fileRef = CE4EBEF7257CE53D008295AF /* LoginController.swift */; };
		CE4EBEFB257CE566008295AF /* ResgistrationController.swift in Sources */ = {isa = PBXBuildFile; fileRef = CE4EBEFA257CE566008295AF /* ResgistrationController.swift */; };
		CE4EBEFE257CF516008295AF /* Extensions.swift in Sources */ = {isa = PBXBuildFile; fileRef = CE4EBEFD257CF516008295AF /* Extensions.swift */; };
		CE4EBF01257F2D6A008295AF /* InputContainerView.swift in Sources */ = {isa = PBXBuildFile; fileRef = CE4EBF00257F2D6A008295AF /* InputContainerView.swift */; };
		CE4EBF06257F614D008295AF /* CustomTextField.swift in Sources */ = {isa = PBXBuildFile; fileRef = CE4EBF05257F614C008295AF /* CustomTextField.swift */; };
		CE4EBF0A2580C8A8008295AF /* LoginViewModel.swift in Sources */ = {isa = PBXBuildFile; fileRef = CE4EBF092580C8A8008295AF /* LoginViewModel.swift */; };
		CE4EBF142581D5F1008295AF /* RegistrationViewModel.swift in Sources */ = {isa = PBXBuildFile; fileRef = CE4EBF132581D5F1008295AF /* RegistrationViewModel.swift */; };
		CE4EBF1C258349E1008295AF /* GoogleService-Info.plist in Resources */ = {isa = PBXBuildFile; fileRef = CE4EBF1B258349E1008295AF /* GoogleService-Info.plist */; };
/* End PBXBuildFile section */

/* Begin PBXFileReference section */
		0D61E7FAC3110B90B9B41E2D /* Pods-FireChat.debug.xcconfig */ = {isa = PBXFileReference; includeInIndex = 1; lastKnownFileType = text.xcconfig; name = "Pods-FireChat.debug.xcconfig"; path = "Target Support Files/Pods-FireChat/Pods-FireChat.debug.xcconfig"; sourceTree = "<group>"; };
		5E6A20E3D2AB542B5D26FE92 /* Pods-FireChat.release.xcconfig */ = {isa = PBXFileReference; includeInIndex = 1; lastKnownFileType = text.xcconfig; name = "Pods-FireChat.release.xcconfig"; path = "Target Support Files/Pods-FireChat/Pods-FireChat.release.xcconfig"; sourceTree = "<group>"; };
		AE044F8F01AF22EEFA228932 /* Pods_FireChat.framework */ = {isa = PBXFileReference; explicitFileType = wrapper.framework; includeInIndex = 0; path = Pods_FireChat.framework; sourceTree = BUILT_PRODUCTS_DIR; };
		CE4EBED3257CA892008295AF /* FireChat.app */ = {isa = PBXFileReference; explicitFileType = wrapper.application; includeInIndex = 0; path = FireChat.app; sourceTree = BUILT_PRODUCTS_DIR; };
		CE4EBED6257CA892008295AF /* AppDelegate.swift */ = {isa = PBXFileReference; lastKnownFileType = sourcecode.swift; path = AppDelegate.swift; sourceTree = "<group>"; };
		CE4EBED8257CA892008295AF /* SceneDelegate.swift */ = {isa = PBXFileReference; lastKnownFileType = sourcecode.swift; path = SceneDelegate.swift; sourceTree = "<group>"; };
		CE4EBEDA257CA892008295AF /* ViewController.swift */ = {isa = PBXFileReference; lastKnownFileType = sourcecode.swift; path = ViewController.swift; sourceTree = "<group>"; };
		CE4EBEDD257CA892008295AF /* Base */ = {isa = PBXFileReference; lastKnownFileType = file.storyboard; name = Base; path = Base.lproj/Main.storyboard; sourceTree = "<group>"; };
		CE4EBEDF257CA894008295AF /* Assets.xcassets */ = {isa = PBXFileReference; lastKnownFileType = folder.assetcatalog; path = Assets.xcassets; sourceTree = "<group>"; };
		CE4EBEE2257CA894008295AF /* Base */ = {isa = PBXFileReference; lastKnownFileType = file.storyboard; name = Base; path = Base.lproj/LaunchScreen.storyboard; sourceTree = "<group>"; };
		CE4EBEE4257CA894008295AF /* Info.plist */ = {isa = PBXFileReference; lastKnownFileType = text.plist.xml; path = Info.plist; sourceTree = "<group>"; };
		CE4EBEF2257CA982008295AF /* ConversationsController.swift */ = {isa = PBXFileReference; lastKnownFileType = sourcecode.swift; path = ConversationsController.swift; sourceTree = "<group>"; };
		CE4EBEF7257CE53D008295AF /* LoginController.swift */ = {isa = PBXFileReference; lastKnownFileType = sourcecode.swift; path = LoginController.swift; sourceTree = "<group>"; };
		CE4EBEFA257CE566008295AF /* ResgistrationController.swift */ = {isa = PBXFileReference; lastKnownFileType = sourcecode.swift; path = ResgistrationController.swift; sourceTree = "<group>"; };
		CE4EBEFD257CF516008295AF /* Extensions.swift */ = {isa = PBXFileReference; fileEncoding = 4; lastKnownFileType = sourcecode.swift; path = Extensions.swift; sourceTree = "<group>"; };
		CE4EBF00257F2D6A008295AF /* InputContainerView.swift */ = {isa = PBXFileReference; lastKnownFileType = sourcecode.swift; path = InputContainerView.swift; sourceTree = "<group>"; };
		CE4EBF05257F614C008295AF /* CustomTextField.swift */ = {isa = PBXFileReference; lastKnownFileType = sourcecode.swift; path = CustomTextField.swift; sourceTree = "<group>"; };
		CE4EBF092580C8A8008295AF /* LoginViewModel.swift */ = {isa = PBXFileReference; lastKnownFileType = sourcecode.swift; path = LoginViewModel.swift; sourceTree = "<group>"; };
		CE4EBF132581D5F1008295AF /* RegistrationViewModel.swift */ = {isa = PBXFileReference; lastKnownFileType = sourcecode.swift; path = RegistrationViewModel.swift; sourceTree = "<group>"; };
		CE4EBF1B258349E1008295AF /* GoogleService-Info.plist */ = {isa = PBXFileReference; fileEncoding = 4; lastKnownFileType = text.plist.xml; path = "GoogleService-Info.plist"; sourceTree = "<group>"; };
/* End PBXFileReference section */

/* Begin PBXFrameworksBuildPhase section */
		CE4EBED0257CA892008295AF /* Frameworks */ = {
			isa = PBXFrameworksBuildPhase;
			buildActionMask = 2147483647;
			files = (
				289E8974C3C04089CA9C5ECD /* Pods_FireChat.framework in Frameworks */,
			);
			runOnlyForDeploymentPostprocessing = 0;
		};
/* End PBXFrameworksBuildPhase section */

/* Begin PBXGroup section */
		1F411029BD60BE46BF716542 /* Pods */ = {
			isa = PBXGroup;
			children = (
				0D61E7FAC3110B90B9B41E2D /* Pods-FireChat.debug.xcconfig */,
				5E6A20E3D2AB542B5D26FE92 /* Pods-FireChat.release.xcconfig */,
			);
			name = Pods;
			path = Pods;
			sourceTree = "<group>";
		};
		28E13B0BAC8A6D245718253F /* Frameworks */ = {
			isa = PBXGroup;
			children = (
				AE044F8F01AF22EEFA228932 /* Pods_FireChat.framework */,
			);
			name = Frameworks;
			sourceTree = "<group>";
		};
		CE4EBECA257CA892008295AF = {
			isa = PBXGroup;
			children = (
				CE4EBED5257CA892008295AF /* FireChat */,
				CE4EBED4257CA892008295AF /* Products */,
				1F411029BD60BE46BF716542 /* Pods */,
				28E13B0BAC8A6D245718253F /* Frameworks */,
			);
			sourceTree = "<group>";
		};
		CE4EBED4257CA892008295AF /* Products */ = {
			isa = PBXGroup;
			children = (
				CE4EBED3257CA892008295AF /* FireChat.app */,
			);
			name = Products;
			sourceTree = "<group>";
		};
		CE4EBED5257CA892008295AF /* FireChat */ = {
			isa = PBXGroup;
			children = (
				CE4EBEF1257CA8D9008295AF /* Model */,
				CE4EBEF0257CA8C8008295AF /* View */,
				CE4EBEEF257CA8C5008295AF /* ViewModel */,
				CE4EBEEE257CA8C4008295AF /* Controller */,
				CE4EBEED257CA8C3008295AF /* API */,
				CE4EBEEB257CA8BA008295AF /* Utils */,
				CE4EBED6257CA892008295AF /* AppDelegate.swift */,
				CE4EBED8257CA892008295AF /* SceneDelegate.swift */,
				CE4EBEDA257CA892008295AF /* ViewController.swift */,
				CE4EBEDC257CA892008295AF /* Main.storyboard */,
				CE4EBEDF257CA894008295AF /* Assets.xcassets */,
				CE4EBF1B258349E1008295AF /* GoogleService-Info.plist */,
				CE4EBEE1257CA894008295AF /* LaunchScreen.storyboard */,
				CE4EBEE4257CA894008295AF /* Info.plist */,
			);
			path = FireChat;
			sourceTree = "<group>";
		};
		CE4EBEEB257CA8BA008295AF /* Utils */ = {
			isa = PBXGroup;
			children = (
				CE4EBEFD257CF516008295AF /* Extensions.swift */,
			);
			path = Utils;
			sourceTree = "<group>";
		};
		CE4EBEED257CA8C3008295AF /* API */ = {
			isa = PBXGroup;
			children = (
			);
			path = API;
			sourceTree = "<group>";
		};
		CE4EBEEE257CA8C4008295AF /* Controller */ = {
			isa = PBXGroup;
			children = (
				CE4EBEF6257CE524008295AF /* Authentication */,
				CE4EBEF2257CA982008295AF /* ConversationsController.swift */,
			);
			path = Controller;
			sourceTree = "<group>";
		};
		CE4EBEEF257CA8C5008295AF /* ViewModel */ = {
			isa = PBXGroup;
			children = (
				CE4EBF122581D5D6008295AF /* Authentication */,
			);
			path = ViewModel;
			sourceTree = "<group>";
		};
		CE4EBEF0257CA8C8008295AF /* View */ = {
			isa = PBXGroup;
			children = (
				CE4EBF00257F2D6A008295AF /* InputContainerView.swift */,
				CE4EBF05257F614C008295AF /* CustomTextField.swift */,
			);
			path = View;
			sourceTree = "<group>";
		};
		CE4EBEF1257CA8D9008295AF /* Model */ = {
			isa = PBXGroup;
			children = (
			);
			path = Model;
			sourceTree = "<group>";
		};
		CE4EBEF6257CE524008295AF /* Authentication */ = {
			isa = PBXGroup;
			children = (
				CE4EBEF7257CE53D008295AF /* LoginController.swift */,
				CE4EBEFA257CE566008295AF /* ResgistrationController.swift */,
			);
			path = Authentication;
			sourceTree = "<group>";
		};
		CE4EBF122581D5D6008295AF /* Authentication */ = {
			isa = PBXGroup;
			children = (
				CE4EBF092580C8A8008295AF /* LoginViewModel.swift */,
				CE4EBF132581D5F1008295AF /* RegistrationViewModel.swift */,
			);
			path = Authentication;
			sourceTree = "<group>";
		};
/* End PBXGroup section */

/* Begin PBXNativeTarget section */
		CE4EBED2257CA892008295AF /* FireChat */ = {
			isa = PBXNativeTarget;
			buildConfigurationList = CE4EBEE7257CA894008295AF /* Build configuration list for PBXNativeTarget "FireChat" */;
			buildPhases = (
				A90D8ED9CA28C16C9DB36EF7 /* [CP] Check Pods Manifest.lock */,
				CE4EBECF257CA892008295AF /* Sources */,
				CE4EBED0257CA892008295AF /* Frameworks */,
				CE4EBED1257CA892008295AF /* Resources */,
				19D336C07F579A646C37542E /* [CP] Embed Pods Frameworks */,
			);
			buildRules = (
			);
			dependencies = (
			);
			name = FireChat;
			productName = FireChat;
			productReference = CE4EBED3257CA892008295AF /* FireChat.app */;
			productType = "com.apple.product-type.application";
		};
/* End PBXNativeTarget section */

/* Begin PBXProject section */
		CE4EBECB257CA892008295AF /* Project object */ = {
			isa = PBXProject;
			attributes = {
				LastSwiftUpdateCheck = 1200;
				LastUpgradeCheck = 1200;
				TargetAttributes = {
					CE4EBED2257CA892008295AF = {
						CreatedOnToolsVersion = 12.0;
					};
				};
			};
			buildConfigurationList = CE4EBECE257CA892008295AF /* Build configuration list for PBXProject "FireChat" */;
			compatibilityVersion = "Xcode 9.3";
			developmentRegion = en;
			hasScannedForEncodings = 0;
			knownRegions = (
				en,
				Base,
			);
			mainGroup = CE4EBECA257CA892008295AF;
			productRefGroup = CE4EBED4257CA892008295AF /* Products */;
			projectDirPath = "";
			projectRoot = "";
			targets = (
				CE4EBED2257CA892008295AF /* FireChat */,
			);
		};
/* End PBXProject section */

/* Begin PBXResourcesBuildPhase section */
		CE4EBED1257CA892008295AF /* Resources */ = {
			isa = PBXResourcesBuildPhase;
			buildActionMask = 2147483647;
			files = (
				CE4EBEE3257CA894008295AF /* LaunchScreen.storyboard in Resources */,
				CE4EBF1C258349E1008295AF /* GoogleService-Info.plist in Resources */,
				CE4EBEE0257CA894008295AF /* Assets.xcassets in Resources */,
				CE4EBEDE257CA892008295AF /* Main.storyboard in Resources */,
			);
			runOnlyForDeploymentPostprocessing = 0;
		};
/* End PBXResourcesBuildPhase section */

/* Begin PBXShellScriptBuildPhase section */
		19D336C07F579A646C37542E /* [CP] Embed Pods Frameworks */ = {
			isa = PBXShellScriptBuildPhase;
			buildActionMask = 2147483647;
			files = (
			);
			inputFileListPaths = (
				"${PODS_ROOT}/Target Support Files/Pods-FireChat/Pods-FireChat-frameworks-${CONFIGURATION}-input-files.xcfilelist",
			);
			name = "[CP] Embed Pods Frameworks";
			outputFileListPaths = (
				"${PODS_ROOT}/Target Support Files/Pods-FireChat/Pods-FireChat-frameworks-${CONFIGURATION}-output-files.xcfilelist",
			);
			runOnlyForDeploymentPostprocessing = 0;
			shellPath = /bin/sh;
			shellScript = "\"${PODS_ROOT}/Target Support Files/Pods-FireChat/Pods-FireChat-frameworks.sh\"\n";
			showEnvVarsInLog = 0;
		};
		A90D8ED9CA28C16C9DB36EF7 /* [CP] Check Pods Manifest.lock */ = {
			isa = PBXShellScriptBuildPhase;
			buildActionMask = 2147483647;
			files = (
			);
			inputFileListPaths = (
			);
			inputPaths = (
				"${PODS_PODFILE_DIR_PATH}/Podfile.lock",
				"${PODS_ROOT}/Manifest.lock",
			);
			name = "[CP] Check Pods Manifest.lock";
			outputFileListPaths = (
			);
			outputPaths = (
				"$(DERIVED_FILE_DIR)/Pods-FireChat-checkManifestLockResult.txt",
			);
			runOnlyForDeploymentPostprocessing = 0;
			shellPath = /bin/sh;
			shellScript = "diff \"${PODS_PODFILE_DIR_PATH}/Podfile.lock\" \"${PODS_ROOT}/Manifest.lock\" > /dev/null\nif [ $? != 0 ] ; then\n    # print error to STDERR\n    echo \"error: The sandbox is not in sync with the Podfile.lock. Run 'pod install' or update your CocoaPods installation.\" >&2\n    exit 1\nfi\n# This output is used by Xcode 'outputs' to avoid re-running this script phase.\necho \"SUCCESS\" > \"${SCRIPT_OUTPUT_FILE_0}\"\n";
			showEnvVarsInLog = 0;
		};
/* End PBXShellScriptBuildPhase section */

/* Begin PBXSourcesBuildPhase section */
		CE4EBECF257CA892008295AF /* Sources */ = {
			isa = PBXSourcesBuildPhase;
			buildActionMask = 2147483647;
			files = (
				CE4EBEFB257CE566008295AF /* ResgistrationController.swift in Sources */,
				CE4EBF142581D5F1008295AF /* RegistrationViewModel.swift in Sources */,
				CE4EBF01257F2D6A008295AF /* InputContainerView.swift in Sources */,
				CE4EBEDB257CA892008295AF /* ViewController.swift in Sources */,
				CE4EBED7257CA892008295AF /* AppDelegate.swift in Sources */,
				CE4EBEF3257CA982008295AF /* ConversationsController.swift in Sources */,
				CE4EBED9257CA892008295AF /* SceneDelegate.swift in Sources */,
				CE4EBEF8257CE53D008295AF /* LoginController.swift in Sources */,
				CE4EBEFE257CF516008295AF /* Extensions.swift in Sources */,
				CE4EBF0A2580C8A8008295AF /* LoginViewModel.swift in Sources */,
				CE4EBF06257F614D008295AF /* CustomTextField.swift in Sources */,
			);
			runOnlyForDeploymentPostprocessing = 0;
		};
/* End PBXSourcesBuildPhase section */

/* Begin PBXVariantGroup section */
		CE4EBEDC257CA892008295AF /* Main.storyboard */ = {
			isa = PBXVariantGroup;
			children = (
				CE4EBEDD257CA892008295AF /* Base */,
			);
			name = Main.storyboard;
			sourceTree = "<group>";
		};
		CE4EBEE1257CA894008295AF /* LaunchScreen.storyboard */ = {
			isa = PBXVariantGroup;
			children = (
				CE4EBEE2257CA894008295AF /* Base */,
			);
			name = LaunchScreen.storyboard;
			sourceTree = "<group>";
		};
/* End PBXVariantGroup section */

/* Begin XCBuildConfiguration section */
		CE4EBEE5257CA894008295AF /* Debug */ = {
			isa = XCBuildConfiguration;
			buildSettings = {
				ALWAYS_SEARCH_USER_PATHS = NO;
				CLANG_ANALYZER_NONNULL = YES;
				CLANG_ANALYZER_NUMBER_OBJECT_CONVERSION = YES_AGGRESSIVE;
				CLANG_CXX_LANGUAGE_STANDARD = "gnu++14";
				CLANG_CXX_LIBRARY = "libc++";
				CLANG_ENABLE_MODULES = YES;
				CLANG_ENABLE_OBJC_ARC = YES;
				CLANG_ENABLE_OBJC_WEAK = YES;
				CLANG_WARN_BLOCK_CAPTURE_AUTORELEASING = YES;
				CLANG_WARN_BOOL_CONVERSION = YES;
				CLANG_WARN_COMMA = YES;
				CLANG_WARN_CONSTANT_CONVERSION = YES;
				CLANG_WARN_DEPRECATED_OBJC_IMPLEMENTATIONS = YES;
				CLANG_WARN_DIRECT_OBJC_ISA_USAGE = YES_ERROR;
				CLANG_WARN_DOCUMENTATION_COMMENTS = YES;
				CLANG_WARN_EMPTY_BODY = YES;
				CLANG_WARN_ENUM_CONVERSION = YES;
				CLANG_WARN_INFINITE_RECURSION = YES;
				CLANG_WARN_INT_CONVERSION = YES;
				CLANG_WARN_NON_LITERAL_NULL_CONVERSION = YES;
				CLANG_WARN_OBJC_IMPLICIT_RETAIN_SELF = YES;
				CLANG_WARN_OBJC_LITERAL_CONVERSION = YES;
				CLANG_WARN_OBJC_ROOT_CLASS = YES_ERROR;
				CLANG_WARN_QUOTED_INCLUDE_IN_FRAMEWORK_HEADER = YES;
				CLANG_WARN_RANGE_LOOP_ANALYSIS = YES;
				CLANG_WARN_STRICT_PROTOTYPES = YES;
				CLANG_WARN_SUSPICIOUS_MOVE = YES;
				CLANG_WARN_UNGUARDED_AVAILABILITY = YES_AGGRESSIVE;
				CLANG_WARN_UNREACHABLE_CODE = YES;
				CLANG_WARN__DUPLICATE_METHOD_MATCH = YES;
				COPY_PHASE_STRIP = NO;
				DEBUG_INFORMATION_FORMAT = dwarf;
				ENABLE_STRICT_OBJC_MSGSEND = YES;
				ENABLE_TESTABILITY = YES;
				GCC_C_LANGUAGE_STANDARD = gnu11;
				GCC_DYNAMIC_NO_PIC = NO;
				GCC_NO_COMMON_BLOCKS = YES;
				GCC_OPTIMIZATION_LEVEL = 0;
				GCC_PREPROCESSOR_DEFINITIONS = (
					"DEBUG=1",
					"$(inherited)",
				);
				GCC_WARN_64_TO_32_BIT_CONVERSION = YES;
				GCC_WARN_ABOUT_RETURN_TYPE = YES_ERROR;
				GCC_WARN_UNDECLARED_SELECTOR = YES;
				GCC_WARN_UNINITIALIZED_AUTOS = YES_AGGRESSIVE;
				GCC_WARN_UNUSED_FUNCTION = YES;
				GCC_WARN_UNUSED_VARIABLE = YES;
				IPHONEOS_DEPLOYMENT_TARGET = 14.0;
				MTL_ENABLE_DEBUG_INFO = INCLUDE_SOURCE;
				MTL_FAST_MATH = YES;
				ONLY_ACTIVE_ARCH = YES;
				SDKROOT = iphoneos;
				SWIFT_ACTIVE_COMPILATION_CONDITIONS = DEBUG;
				SWIFT_OPTIMIZATION_LEVEL = "-Onone";
			};
			name = Debug;
		};
		CE4EBEE6257CA894008295AF /* Release */ = {
			isa = XCBuildConfiguration;
			buildSettings = {
				ALWAYS_SEARCH_USER_PATHS = NO;
				CLANG_ANALYZER_NONNULL = YES;
				CLANG_ANALYZER_NUMBER_OBJECT_CONVERSION = YES_AGGRESSIVE;
				CLANG_CXX_LANGUAGE_STANDARD = "gnu++14";
				CLANG_CXX_LIBRARY = "libc++";
				CLANG_ENABLE_MODULES = YES;
				CLANG_ENABLE_OBJC_ARC = YES;
				CLANG_ENABLE_OBJC_WEAK = YES;
				CLANG_WARN_BLOCK_CAPTURE_AUTORELEASING = YES;
				CLANG_WARN_BOOL_CONVERSION = YES;
				CLANG_WARN_COMMA = YES;
				CLANG_WARN_CONSTANT_CONVERSION = YES;
				CLANG_WARN_DEPRECATED_OBJC_IMPLEMENTATIONS = YES;
				CLANG_WARN_DIRECT_OBJC_ISA_USAGE = YES_ERROR;
				CLANG_WARN_DOCUMENTATION_COMMENTS = YES;
				CLANG_WARN_EMPTY_BODY = YES;
				CLANG_WARN_ENUM_CONVERSION = YES;
				CLANG_WARN_INFINITE_RECURSION = YES;
				CLANG_WARN_INT_CONVERSION = YES;
				CLANG_WARN_NON_LITERAL_NULL_CONVERSION = YES;
				CLANG_WARN_OBJC_IMPLICIT_RETAIN_SELF = YES;
				CLANG_WARN_OBJC_LITERAL_CONVERSION = YES;
				CLANG_WARN_OBJC_ROOT_CLASS = YES_ERROR;
				CLANG_WARN_QUOTED_INCLUDE_IN_FRAMEWORK_HEADER = YES;
				CLANG_WARN_RANGE_LOOP_ANALYSIS = YES;
				CLANG_WARN_STRICT_PROTOTYPES = YES;
				CLANG_WARN_SUSPICIOUS_MOVE = YES;
				CLANG_WARN_UNGUARDED_AVAILABILITY = YES_AGGRESSIVE;
				CLANG_WARN_UNREACHABLE_CODE = YES;
				CLANG_WARN__DUPLICATE_METHOD_MATCH = YES;
				COPY_PHASE_STRIP = NO;
				DEBUG_INFORMATION_FORMAT = "dwarf-with-dsym";
				ENABLE_NS_ASSERTIONS = NO;
				ENABLE_STRICT_OBJC_MSGSEND = YES;
				GCC_C_LANGUAGE_STANDARD = gnu11;
				GCC_NO_COMMON_BLOCKS = YES;
				GCC_WARN_64_TO_32_BIT_CONVERSION = YES;
				GCC_WARN_ABOUT_RETURN_TYPE = YES_ERROR;
				GCC_WARN_UNDECLARED_SELECTOR = YES;
				GCC_WARN_UNINITIALIZED_AUTOS = YES_AGGRESSIVE;
				GCC_WARN_UNUSED_FUNCTION = YES;
				GCC_WARN_UNUSED_VARIABLE = YES;
				IPHONEOS_DEPLOYMENT_TARGET = 14.0;
				MTL_ENABLE_DEBUG_INFO = NO;
				MTL_FAST_MATH = YES;
				SDKROOT = iphoneos;
				SWIFT_COMPILATION_MODE = wholemodule;
				SWIFT_OPTIMIZATION_LEVEL = "-O";
				VALIDATE_PRODUCT = YES;
			};
			name = Release;
		};
		CE4EBEE8257CA894008295AF /* Debug */ = {
			isa = XCBuildConfiguration;
			baseConfigurationReference = 0D61E7FAC3110B90B9B41E2D /* Pods-FireChat.debug.xcconfig */;
			buildSettings = {
				ASSETCATALOG_COMPILER_APPICON_NAME = AppIcon;
				ASSETCATALOG_COMPILER_GLOBAL_ACCENT_COLOR_NAME = AccentColor;
				CODE_SIGN_STYLE = Automatic;
				INFOPLIST_FILE = FireChat/Info.plist;
				LD_RUNPATH_SEARCH_PATHS = (
					"$(inherited)",
					"@executable_path/Frameworks",
				);
				PRODUCT_BUNDLE_IDENTIFIER = com.exercise.FireChat;
				PRODUCT_NAME = "$(TARGET_NAME)";
				SWIFT_VERSION = 5.0;
				TARGETED_DEVICE_FAMILY = "1,2";
			};
			name = Debug;
		};
		CE4EBEE9257CA894008295AF /* Release */ = {
			isa = XCBuildConfiguration;
			baseConfigurationReference = 5E6A20E3D2AB542B5D26FE92 /* Pods-FireChat.release.xcconfig */;
			buildSettings = {
				ASSETCATALOG_COMPILER_APPICON_NAME = AppIcon;
				ASSETCATALOG_COMPILER_GLOBAL_ACCENT_COLOR_NAME = AccentColor;
				CODE_SIGN_STYLE = Automatic;
				INFOPLIST_FILE = FireChat/Info.plist;
				LD_RUNPATH_SEARCH_PATHS = (
					"$(inherited)",
					"@executable_path/Frameworks",
				);
				PRODUCT_BUNDLE_IDENTIFIER = com.exercise.FireChat;
				PRODUCT_NAME = "$(TARGET_NAME)";
				SWIFT_VERSION = 5.0;
				TARGETED_DEVICE_FAMILY = "1,2";
			};
			name = Release;
		};
/* End XCBuildConfiguration section */

/* Begin XCConfigurationList section */
		CE4EBECE257CA892008295AF /* Build configuration list for PBXProject "FireChat" */ = {
			isa = XCConfigurationList;
			buildConfigurations = (
				CE4EBEE5257CA894008295AF /* Debug */,
				CE4EBEE6257CA894008295AF /* Release */,
			);
			defaultConfigurationIsVisible = 0;
			defaultConfigurationName = Release;
		};
		CE4EBEE7257CA894008295AF /* Build configuration list for PBXNativeTarget "FireChat" */ = {
			isa = XCConfigurationList;
			buildConfigurations = (
				CE4EBEE8257CA894008295AF /* Debug */,
				CE4EBEE9257CA894008295AF /* Release */,
			);
			defaultConfigurationIsVisible = 0;
			defaultConfigurationName = Release;
		};
/* End XCConfigurationList section */
	};
	rootObject = CE4EBECB257CA892008295AF /* Project object */;
}
